
Microsoft Visual Studio Solution File, Format Version 12.00
# Visual Studio Version 17
VisualStudioVersion = 17.7.34202.233
MinimumVisualStudioVersion = 10.0.40219.1
Project("{FAE04EC0-301F-11D3-BF4B-00C04F79EFBC}") = "module 14 practice", "module 14 practice\module 14 practice.csproj", "{742DE3B9-1C78-4ED2-9672-84225C683A8A}"
EndProject
Global
	GlobalSection(SolutionConfigurationPlatforms) = preSolution
		Debug|Any CPU = Debug|Any CPU
		Release|Any CPU = Release|Any CPU
	EndGlobalSection
	GlobalSection(ProjectConfigurationPlatforms) = postSolution
		{742DE3B9-1C78-4ED2-9672-84225C683A8A}.Debug|Any CPU.ActiveCfg = Debug|Any CPU
		{742DE3B9-1C78-4ED2-9672-84225C683A8A}.Debug|Any CPU.Build.0 = Debug|Any CPU
		{742DE3B9-1C78-4ED2-9672-84225C683A8A}.Release|Any CPU.ActiveCfg = Release|Any CPU
		{742DE3B9-1C78-4ED2-9672-84225C683A8A}.Release|Any CPU.Build.0 = Release|Any CPU
	EndGlobalSection
	GlobalSection(SolutionProperties) = preSolution
		HideSolutionNode = FALSE
	EndGlobalSection
	GlobalSection(ExtensibilityGlobals) = postSolution
		SolutionGuid = {C62C8FA5-D9E8-45A6-B0AE-0312A70EDBD6}
	EndGlobalSection
EndGlobal
